
Microsoft Visual Studio Solution File, Format Version 12.00
# Visual Studio Version 17
VisualStudioVersion = 17.5.33516.290
MinimumVisualStudioVersion = 10.0.40219.1
Project("{9A19103F-16F7-4668-BE54-9A1E7A4F7556}") = "File Binder", "File Binder\File Binder.csproj", "{06B57C7D-A2CE-4877-A038-3203802870DD}"
EndProject
Global
	GlobalSection(SolutionConfigurationPlatforms) = preSolution
		Debug|Any CPU = Debug|Any CPU
		Release|Any CPU = Release|Any CPU
	EndGlobalSection
	GlobalSection(ProjectConfigurationPlatforms) = postSolution
		{06B57C7D-A2CE-4877-A038-3203802870DD}.Debug|Any CPU.ActiveCfg = Debug|Any CPU
		{06B57C7D-A2CE-4877-A038-3203802870DD}.Debug|Any CPU.Build.0 = Debug|Any CPU
		{06B57C7D-A2CE-4877-A038-3203802870DD}.Release|Any CPU.ActiveCfg = Release|Any CPU
		{06B57C7D-A2CE-4877-A038-3203802870DD}.Release|Any CPU.Build.0 = Release|Any CPU
	EndGlobalSection
	GlobalSection(SolutionProperties) = preSolution
		HideSolutionNode = FALSE
	EndGlobalSection
	GlobalSection(ExtensibilityGlobals) = postSolution
		SolutionGuid = {91608954-1E47-4506-A63C-3B34C7634863}
	EndGlobalSection
EndGlobal
